
Microsoft Visual Studio Solution File, Format Version 12.00
# Visual Studio Version 16
VisualStudioVersion = 16.0.33130.400
MinimumVisualStudioVersion = 10.0.40219.1
Project("{FAE04EC0-301F-11D3-BF4B-00C04F79EFBC}") = "sandhya_27", "sandhya_27.csproj", "{470B3792-CAAF-41C3-8AD3-FA031CB65397}"
EndProject
Project("{FAE04EC0-301F-11D3-BF4B-00C04F79EFBC}") = "sandhya_27.Helpers", "..\sandhya_27.Helpers\sandhya_27.Helpers.csproj", "{A8F8974F-08BD-473D-8CB3-B37B452A4700}"
EndProject
Project("{FAE04EC0-301F-11D3-BF4B-00C04F79EFBC}") = "sandhya_27.Models", "..\sandhya_27.Models\sandhya_27.Models.csproj", "{A2AF126D-DE9B-4C59-871A-6BE23A37FF22}"
EndProject
Project("{FAE04EC0-301F-11D3-BF4B-00C04F79EFBC}") = "sandhya_27.Repository", "..\sandhya_27.Repository\sandhya_27.Repository.csproj", "{DBD0A4F3-101A-483A-86CF-172AF575FD39}"
EndProject
Global
	GlobalSection(SolutionConfigurationPlatforms) = preSolution
		Debug|Any CPU = Debug|Any CPU
		Release|Any CPU = Release|Any CPU
	EndGlobalSection
	GlobalSection(ProjectConfigurationPlatforms) = postSolution
		{470B3792-CAAF-41C3-8AD3-FA031CB65397}.Debug|Any CPU.ActiveCfg = Debug|Any CPU
		{470B3792-CAAF-41C3-8AD3-FA031CB65397}.Debug|Any CPU.Build.0 = Debug|Any CPU
		{470B3792-CAAF-41C3-8AD3-FA031CB65397}.Release|Any CPU.ActiveCfg = Release|Any CPU
		{470B3792-CAAF-41C3-8AD3-FA031CB65397}.Release|Any CPU.Build.0 = Release|Any CPU
		{A8F8974F-08BD-473D-8CB3-B37B452A4700}.Debug|Any CPU.ActiveCfg = Debug|Any CPU
		{A8F8974F-08BD-473D-8CB3-B37B452A4700}.Debug|Any CPU.Build.0 = Debug|Any CPU
		{A8F8974F-08BD-473D-8CB3-B37B452A4700}.Release|Any CPU.ActiveCfg = Release|Any CPU
		{A8F8974F-08BD-473D-8CB3-B37B452A4700}.Release|Any CPU.Build.0 = Release|Any CPU
		{A2AF126D-DE9B-4C59-871A-6BE23A37FF22}.Debug|Any CPU.ActiveCfg = Debug|Any CPU
		{A2AF126D-DE9B-4C59-871A-6BE23A37FF22}.Debug|Any CPU.Build.0 = Debug|Any CPU
		{A2AF126D-DE9B-4C59-871A-6BE23A37FF22}.Release|Any CPU.ActiveCfg = Release|Any CPU
		{A2AF126D-DE9B-4C59-871A-6BE23A37FF22}.Release|Any CPU.Build.0 = Release|Any CPU
		{DBD0A4F3-101A-483A-86CF-172AF575FD39}.Debug|Any CPU.ActiveCfg = Debug|Any CPU
		{DBD0A4F3-101A-483A-86CF-172AF575FD39}.Debug|Any CPU.Build.0 = Debug|Any CPU
		{DBD0A4F3-101A-483A-86CF-172AF575FD39}.Release|Any CPU.ActiveCfg = Release|Any CPU
		{DBD0A4F3-101A-483A-86CF-172AF575FD39}.Release|Any CPU.Build.0 = Release|Any CPU
	EndGlobalSection
	GlobalSection(SolutionProperties) = preSolution
		HideSolutionNode = FALSE
	EndGlobalSection
	GlobalSection(ExtensibilityGlobals) = postSolution
		SolutionGuid = {C8621ADC-3C47-4AA9-998A-5ACAF683AF55}
	EndGlobalSection
EndGlobal
